
Microsoft Visual Studio Solution File, Format Version 12.00
# Visual Studio 15
VisualStudioVersion = 15.0.28307.645
MinimumVisualStudioVersion = 10.0.40219.1
Project("{FAE04EC0-301F-11D3-BF4B-00C04F79EFBC}") = "MagicHomeController", "MagicHomeController\MagicHomeController.csproj", "{936BC494-AD40-425D-9D7D-0E4BC38C4B40}"
EndProject
Project("{FAE04EC0-301F-11D3-BF4B-00C04F79EFBC}") = "MagicHomeController.Example", "MagicHomeController.Example\MagicHomeController.Example.csproj", "{00D7323F-781B-43AC-9E20-8C4DBF517286}"
EndProject
Global
	GlobalSection(SolutionConfigurationPlatforms) = preSolution
		Debug|Any CPU = Debug|Any CPU
		Release|Any CPU = Release|Any CPU
	EndGlobalSection
	GlobalSection(ProjectConfigurationPlatforms) = postSolution
		{936BC494-AD40-425D-9D7D-0E4BC38C4B40}.Debug|Any CPU.ActiveCfg = Debug|Any CPU
		{936BC494-AD40-425D-9D7D-0E4BC38C4B40}.Debug|Any CPU.Build.0 = Debug|Any CPU
		{936BC494-AD40-425D-9D7D-0E4BC38C4B40}.Release|Any CPU.ActiveCfg = Release|Any CPU
		{936BC494-AD40-425D-9D7D-0E4BC38C4B40}.Release|Any CPU.Build.0 = Release|Any CPU
		{00D7323F-781B-43AC-9E20-8C4DBF517286}.Debug|Any CPU.ActiveCfg = Debug|Any CPU
		{00D7323F-781B-43AC-9E20-8C4DBF517286}.Debug|Any CPU.Build.0 = Debug|Any CPU
		{00D7323F-781B-43AC-9E20-8C4DBF517286}.Release|Any CPU.ActiveCfg = Release|Any CPU
		{00D7323F-781B-43AC-9E20-8C4DBF517286}.Release|Any CPU.Build.0 = Release|Any CPU
	EndGlobalSection
	GlobalSection(SolutionProperties) = preSolution
		HideSolutionNode = FALSE
	EndGlobalSection
	GlobalSection(ExtensibilityGlobals) = postSolution
		SolutionGuid = {ACD9D5D4-328C-4636-A9E3-D9952E969D8E}
	EndGlobalSection
EndGlobal
